{
  "name": "teararoa-gpx-split",
  "version": "1.0.4",
  "lockfileVersion": 3,
  "requires": true,
  "packages": {
    "": {
      "name": "teararoa-gpx-split",
      "version": "1.0.4",
      "license": "ISC",
      "dependencies": {
        "fast-xml-parser": "^4.0.0-beta.2"
      },
      "bin": {
        "teararoa-gpx-split": "node ./index.js",
        "teararoa-gpx-split-new-format": "node ./split-new-format.js"
      },
      "devDependencies": {}
    },
    "node_modules/fast-xml-parser": {
      "version": "4.0.0-beta.2",
      "resolved": "https://registry.npmjs.org/fast-xml-parser/-/fast-xml-parser-4.0.0-beta.2.tgz",
      "integrity": "sha512-5r5olNTyS1Ma5Y2T0sUaJRn7vYv9LZhW8bs1VV6CF3WzURjlwWWRL0PlUfhJVBYcQKdLna/0YStPLcQJEz6F9Q==",
      "dependencies": {
        "strnum": "^1.0.4"
      },
      "bin": {
        "fxparser": "src/cli/cli.js"
      },
      "funding": {
        "type": "paypal",
        "url": "https://paypal.me/naturalintelligence"
      }
    },
    "node_modules/strnum": {
      "version": "1.0.4",
      "resolved": "https://registry.npmjs.org/strnum/-/strnum-1.0.4.tgz",
      "integrity": "sha512-lMzNMfDpaQOLt4B2mEbfzYS0+T7dvCXeojnlGf6f1AygvWDMcWyXYaLbyICfjVu29sErR8fnRagQfBW/N/hGgw=="
    }
  }
}
